// !$*UTF8*$!
{
	archiveVersion = 1;
	classes = {
	};
	objectVersion = 46;
	objects = {

/* Begin PBXBuildFile section */
		D18B3F5E1CE3B04D00DD87DE /* main.m in Sources */ = {isa = PBXBuildFile; fileRef = D18B3F5D1CE3B04D00DD87DE /* main.m */; };
		D18B3F611CE3B04D00DD87DE /* AppDelegate.m in Sources */ = {isa = PBXBuildFile; fileRef = D18B3F601CE3B04D00DD87DE /* AppDelegate.m */; };
		D18B3F641CE3B04D00DD87DE /* FirstViewController.m in Sources */ = {isa = PBXBuildFile; fileRef = D18B3F631CE3B04D00DD87DE /* FirstViewController.m */; };
		D18B3F671CE3B04D00DD87DE /* SecondViewController.m in Sources */ = {isa = PBXBuildFile; fileRef = D18B3F661CE3B04D00DD87DE /* SecondViewController.m */; };
		D18B3F6A1CE3B04D00DD87DE /* Main.storyboard in Resources */ = {isa = PBXBuildFile; fileRef = D18B3F681CE3B04D00DD87DE /* Main.storyboard */; };
		D18B3F6C1CE3B04D00DD87DE /* Assets.xcassets in Resources */ = {isa = PBXBuildFile; fileRef = D18B3F6B1CE3B04D00DD87DE /* Assets.xcassets */; };
		D18B3F6F1CE3B04D00DD87DE /* LaunchScreen.storyboard in Resources */ = {isa = PBXBuildFile; fileRef = D18B3F6D1CE3B04D00DD87DE /* LaunchScreen.storyboard */; };
/* End PBXBuildFile section */

/* Begin PBXFileReference section */
		D18B3F591CE3B04D00DD87DE /* FrontEndTest.app */ = {isa = PBXFileReference; explicitFileType = wrapper.application; includeInIndex = 0; path = FrontEndTest.app; sourceTree = BUILT_PRODUCTS_DIR; };
		D18B3F5D1CE3B04D00DD87DE /* main.m */ = {isa = PBXFileReference; lastKnownFileType = sourcecode.c.objc; path = main.m; sourceTree = "<group>"; };
		D18B3F5F1CE3B04D00DD87DE /* AppDelegate.h */ = {isa = PBXFileReference; lastKnownFileType = sourcecode.c.h; path = AppDelegate.h; sourceTree = "<group>"; };
		D18B3F601CE3B04D00DD87DE /* AppDelegate.m */ = {isa = PBXFileReference; lastKnownFileType = sourcecode.c.objc; path = AppDelegate.m; sourceTree = "<group>"; };
		D18B3F621CE3B04D00DD87DE /* FirstViewController.h */ = {isa = PBXFileReference; lastKnownFileType = sourcecode.c.h; path = FirstViewController.h; sourceTree = "<group>"; };
		D18B3F631CE3B04D00DD87DE /* FirstViewController.m */ = {isa = PBXFileReference; lastKnownFileType = sourcecode.c.objc; path = FirstViewController.m; sourceTree = "<group>"; };
		D18B3F651CE3B04D00DD87DE /* SecondViewController.h */ = {isa = PBXFileReference; lastKnownFileType = sourcecode.c.h; path = SecondViewController.h; sourceTree = "<group>"; };
		D18B3F661CE3B04D00DD87DE /* SecondViewController.m */ = {isa = PBXFileReference; lastKnownFileType = sourcecode.c.objc; path = SecondViewController.m; sourceTree = "<group>"; };
		D18B3F691CE3B04D00DD87DE /* Base */ = {isa = PBXFileReference; lastKnownFileType = file.storyboard; name = Base; path = Base.lproj/Main.storyboard; sourceTree = "<group>"; };
		D18B3F6B1CE3B04D00DD87DE /* Assets.xcassets */ = {isa = PBXFileReference; lastKnownFileType = folder.assetcatalog; path = Assets.xcassets; sourceTree = "<group>"; };
		D18B3F6E1CE3B04D00DD87DE /* Base */ = {isa = PBXFileReference; lastKnownFileType = file.storyboard; name = Base; path = Base.lproj/LaunchScreen.storyboard; sourceTree = "<group>"; };
		D18B3F701CE3B04D00DD87DE /* Info.plist */ = {isa = PBXFileReference; lastKnownFileType = text.plist.xml; path = Info.plist; sourceTree = "<group>"; };
/* End PBXFileReference section */

/* Begin PBXFrameworksBuildPhase section */
		D18B3F561CE3B04D00DD87DE /* Frameworks */ = {
			isa = PBXFrameworksBuildPhase;
			buildActionMask = 2147483647;
			files = (
			);
			runOnlyForDeploymentPostprocessing = 0;
		};
/* End PBXFrameworksBuildPhase section */

/* Begin PBXGroup section */
		D18B3F501CE3B04D00DD87DE = {
			isa = PBXGroup;
			children = (
				D18B3F5B1CE3B04D00DD87DE /* FrontEndTest */,
				D18B3F5A1CE3B04D00DD87DE /* Products */,
			);
			sourceTree = "<group>";
		};
		D18B3F5A1CE3B04D00DD87DE /* Products */ = {
			isa = PBXGroup;
			children = (
				D18B3F591CE3B04D00DD87DE /* FrontEndTest.app */,
			);
			name = Products;
			sourceTree = "<group>";
		};
		D18B3F5B1CE3B04D00DD87DE /* FrontEndTest */ = {
			isa = PBXGroup;
			children = (
				D18B3F5F1CE3B04D00DD87DE /* AppDelegate.h */,
				D18B3F601CE3B04D00DD87DE /* AppDelegate.m */,
				D18B3F621CE3B04D00DD87DE /* FirstViewController.h */,
				D18B3F631CE3B04D00DD87DE /* FirstViewController.m */,
				D18B3F651CE3B04D00DD87DE /* SecondViewController.h */,
				D18B3F661CE3B04D00DD87DE /* SecondViewController.m */,
				D18B3F681CE3B04D00DD87DE /* Main.storyboard */,
				D18B3F6B1CE3B04D00DD87DE /* Assets.xcassets */,
				D18B3F6D1CE3B04D00DD87DE /* LaunchScreen.storyboard */,
				D18B3F701CE3B04D00DD87DE /* Info.plist */,
				D18B3F5C1CE3B04D00DD87DE /* Supporting Files */,
			);
			path = FrontEndTest;
			sourceTree = "<group>";
		};
		D18B3F5C1CE3B04D00DD87DE /* Supporting Files */ = {
			isa = PBXGroup;
			children = (
				D18B3F5D1CE3B04D00DD87DE /* main.m */,
			);
			name = "Supporting Files";
			sourceTree = "<group>";
		};
/* End PBXGroup section */

/* Begin PBXNativeTarget section */
		D18B3F581CE3B04D00DD87DE /* FrontEndTest */ = {
			isa = PBXNativeTarget;
			buildConfigurationList = D18B3F731CE3B04D00DD87DE /* Build configuration list for PBXNativeTarget "FrontEndTest" */;
			buildPhases = (
				D18B3F551CE3B04D00DD87DE /* Sources */,
				D18B3F561CE3B04D00DD87DE /* Frameworks */,
				D18B3F571CE3B04D00DD87DE /* Resources */,
			);
			buildRules = (
			);
			dependencies = (
			);
			name = FrontEndTest;
			productName = FrontEndTest;
			productReference = D18B3F591CE3B04D00DD87DE /* FrontEndTest.app */;
			productType = "com.apple.product-type.application";
		};
/* End PBXNativeTarget section */

/* Begin PBXProject section */
		D18B3F511CE3B04D00DD87DE /* Project object */ = {
			isa = PBXProject;
			attributes = {
				LastUpgradeCheck = 0720;
				ORGANIZATIONNAME = "Tyrell Corporation";
				TargetAttributes = {
					D18B3F581CE3B04D00DD87DE = {
						CreatedOnToolsVersion = 7.2;
					};
				};
			};
			buildConfigurationList = D18B3F541CE3B04D00DD87DE /* Build configuration list for PBXProject "FrontEndTest" */;
			compatibilityVersion = "Xcode 3.2";
			developmentRegion = English;
			hasScannedForEncodings = 0;
			knownRegions = (
				en,
				Base,
			);
			mainGroup = D18B3F501CE3B04D00DD87DE;
			productRefGroup = D18B3F5A1CE3B04D00DD87DE /* Products */;
			projectDirPath = "";
			projectRoot = "";
			targets = (
				D18B3F581CE3B04D00DD87DE /* FrontEndTest */,
			);
		};
/* End PBXProject section */

/* Begin PBXResourcesBuildPhase section */
		D18B3F571CE3B04D00DD87DE /* Resources */ = {
			isa = PBXResourcesBuildPhase;
			buildActionMask = 2147483647;
			files = (
				D18B3F6F1CE3B04D00DD87DE /* LaunchScreen.storyboard in Resources */,
				D18B3F6C1CE3B04D00DD87DE /* Assets.xcassets in Resources */,
				D18B3F6A1CE3B04D00DD87DE /* Main.storyboard in Resources */,
			);
			runOnlyForDeploymentPostprocessing = 0;
		};
/* End PBXResourcesBuildPhase section */

/* Begin PBXSourcesBuildPhase section */
		D18B3F551CE3B04D00DD87DE /* Sources */ = {
			isa = PBXSourcesBuildPhase;
			buildActionMask = 2147483647;
			files = (
				D18B3F671CE3B04D00DD87DE /* SecondViewController.m in Sources */,
				D18B3F611CE3B04D00DD87DE /* AppDelegate.m in Sources */,
				D18B3F641CE3B04D00DD87DE /* FirstViewController.m in Sources */,
				D18B3F5E1CE3B04D00DD87DE /* main.m in Sources */,
			);
			runOnlyForDeploymentPostprocessing = 0;
		};
/* End PBXSourcesBuildPhase section */

/* Begin PBXVariantGroup section */
		D18B3F681CE3B04D00DD87DE /* Main.storyboard */ = {
			isa = PBXVariantGroup;
			children = (
				D18B3F691CE3B04D00DD87DE /* Base */,
			);
			name = Main.storyboard;
			sourceTree = "<group>";
		};
		D18B3F6D1CE3B04D00DD87DE /* LaunchScreen.storyboard */ = {
			isa = PBXVariantGroup;
			children = (
				D18B3F6E1CE3B04D00DD87DE /* Base */,
			);
			name = LaunchScreen.storyboard;
			sourceTree = "<group>";
		};
/* End PBXVariantGroup section */

/* Begin XCBuildConfiguration section */
		D18B3F711CE3B04D00DD87DE /* Debug */ = {
			isa = XCBuildConfiguration;
			buildSettings = {
				ALWAYS_SEARCH_USER_PATHS = NO;
				CLANG_CXX_LANGUAGE_STANDARD = "gnu++0x";
				CLANG_CXX_LIBRARY = "libc++";
				CLANG_ENABLE_MODULES = YES;
				CLANG_ENABLE_OBJC_ARC = YES;
				CLANG_WARN_BOOL_CONVERSION = YES;
				CLANG_WARN_CONSTANT_CONVERSION = YES;
				CLANG_WARN_DIRECT_OBJC_ISA_USAGE = YES_ERROR;
				CLANG_WARN_EMPTY_BODY = YES;
				CLANG_WARN_ENUM_CONVERSION = YES;
				CLANG_WARN_INT_CONVERSION = YES;
				CLANG_WARN_OBJC_ROOT_CLASS = YES_ERROR;
				CLANG_WARN_UNREACHABLE_CODE = YES;
				CLANG_WARN__DUPLICATE_METHOD_MATCH = YES;
				"CODE_SIGN_IDENTITY[sdk=iphoneos*]" = "iPhone Developer";
				COPY_PHASE_STRIP = NO;
				DEBUG_INFORMATION_FORMAT = dwarf;
				ENABLE_STRICT_OBJC_MSGSEND = YES;
				ENABLE_TESTABILITY = YES;
				GCC_C_LANGUAGE_STANDARD = gnu99;
				GCC_DYNAMIC_NO_PIC = NO;
				GCC_NO_COMMON_BLOCKS = YES;
				GCC_OPTIMIZATION_LEVEL = 0;
				GCC_PREPROCESSOR_DEFINITIONS = (
					"DEBUG=1",
					"$(inherited)",
				);
				GCC_WARN_64_TO_32_BIT_CONVERSION = YES;
				GCC_WARN_ABOUT_RETURN_TYPE = YES_ERROR;
				GCC_WARN_UNDECLARED_SELECTOR = YES;
				GCC_WARN_UNINITIALIZED_AUTOS = YES_AGGRESSIVE;
				GCC_WARN_UNUSED_FUNCTION = YES;
				GCC_WARN_UNUSED_VARIABLE = YES;
				IPHONEOS_DEPLOYMENT_TARGET = 9.2;
				MTL_ENABLE_DEBUG_INFO = YES;
				ONLY_ACTIVE_ARCH = YES;
				SDKROOT = iphoneos;
			};
			name = Debug;
		};
		D18B3F721CE3B04D00DD87DE /* Release */ = {
			isa = XCBuildConfiguration;
			buildSettings = {
				ALWAYS_SEARCH_USER_PATHS = NO;
				CLANG_CXX_LANGUAGE_STANDARD = "gnu++0x";
				CLANG_CXX_LIBRARY = "libc++";
				CLANG_ENABLE_MODULES = YES;
				CLANG_ENABLE_OBJC_ARC = YES;
				CLANG_WARN_BOOL_CONVERSION = YES;
				CLANG_WARN_CONSTANT_CONVERSION = YES;
				CLANG_WARN_DIRECT_OBJC_ISA_USAGE = YES_ERROR;
				CLANG_WARN_EMPTY_BODY = YES;
				CLANG_WARN_ENUM_CONVERSION = YES;
				CLANG_WARN_INT_CONVERSION = YES;
				CLANG_WARN_OBJC_ROOT_CLASS = YES_ERROR;
				CLANG_WARN_UNREACHABLE_CODE = YES;
				CLANG_WARN__DUPLICATE_METHOD_MATCH = YES;
				"CODE_SIGN_IDENTITY[sdk=iphoneos*]" = "iPhone Developer";
				COPY_PHASE_STRIP = NO;
				DEBUG_INFORMATION_FORMAT = "dwarf-with-dsym";
				ENABLE_NS_ASSERTIONS = NO;
				ENABLE_STRICT_OBJC_MSGSEND = YES;
				GCC_C_LANGUAGE_STANDARD = gnu99;
				GCC_NO_COMMON_BLOCKS = YES;
				GCC_WARN_64_TO_32_BIT_CONVERSION = YES;
				GCC_WARN_ABOUT_RETURN_TYPE = YES_ERROR;
				GCC_WARN_UNDECLARED_SELECTOR = YES;
				GCC_WARN_UNINITIALIZED_AUTOS = YES_AGGRESSIVE;
				GCC_WARN_UNUSED_FUNCTION = YES;
				GCC_WARN_UNUSED_VARIABLE = YES;
				IPHONEOS_DEPLOYMENT_TARGET = 9.2;
				MTL_ENABLE_DEBUG_INFO = NO;
				SDKROOT = iphoneos;
				VALIDATE_PRODUCT = YES;
			};
			name = Release;
		};
		D18B3F741CE3B04D00DD87DE /* Debug */ = {
			isa = XCBuildConfiguration;
			buildSettings = {
				ASSETCATALOG_COMPILER_APPICON_NAME = AppIcon;
				INFOPLIST_FILE = FrontEndTest/Info.plist;
				LD_RUNPATH_SEARCH_PATHS = "$(inherited) @executable_path/Frameworks";
				PRODUCT_BUNDLE_IDENTIFIER = net.lths.FrontEndTest;
				PRODUCT_NAME = "$(TARGET_NAME)";
			};
			name = Debug;
		};
		D18B3F751CE3B04D00DD87DE /* Release */ = {
			isa = XCBuildConfiguration;
			buildSettings = {
				ASSETCATALOG_COMPILER_APPICON_NAME = AppIcon;
				INFOPLIST_FILE = FrontEndTest/Info.plist;
				LD_RUNPATH_SEARCH_PATHS = "$(inherited) @executable_path/Frameworks";
				PRODUCT_BUNDLE_IDENTIFIER = net.lths.FrontEndTest;
				PRODUCT_NAME = "$(TARGET_NAME)";
			};
			name = Release;
		};
/* End XCBuildConfiguration section */

/* Begin XCConfigurationList section */
		D18B3F541CE3B04D00DD87DE /* Build configuration list for PBXProject "FrontEndTest" */ = {
			isa = XCConfigurationList;
			buildConfigurations = (
				D18B3F711CE3B04D00DD87DE /* Debug */,
				D18B3F721CE3B04D00DD87DE /* Release */,
			);
			defaultConfigurationIsVisible = 0;
			defaultConfigurationName = Release;
		};
		D18B3F731CE3B04D00DD87DE /* Build configuration list for PBXNativeTarget "FrontEndTest" */ = {
			isa = XCConfigurationList;
			buildConfigurations = (
				D18B3F741CE3B04D00DD87DE /* Debug */,
				D18B3F751CE3B04D00DD87DE /* Release */,
			);
			defaultConfigurationIsVisible = 0;
		};
/* End XCConfigurationList section */
	};
	rootObject = D18B3F511CE3B04D00DD87DE /* Project object */;
}
